
Microsoft Visual Studio Solution File, Format Version 12.00
# Visual Studio Version 17
VisualStudioVersion = 17.11.35312.102
MinimumVisualStudioVersion = 10.0.40219.1
Project("{9A19103F-16F7-4668-BE54-9A1E7A4F7556}") = "Tecnicos", "Tecnicos\Tecnicos.csproj", "{1152B2D5-E825-451F-97D1-28900DC2AAA9}"
EndProject
Project("{2150E333-8FDC-42A3-9474-1A3956D46DE8}") = "Elementos de la solución", "Elementos de la solución", "{275CC60C-D7B4-4DF7-B380-F297931E3C84}"
EndProject
Global
	GlobalSection(SolutionConfigurationPlatforms) = preSolution
		Debug|Any CPU = Debug|Any CPU
		Release|Any CPU = Release|Any CPU
	EndGlobalSection
	GlobalSection(ProjectConfigurationPlatforms) = postSolution
		{1152B2D5-E825-451F-97D1-28900DC2AAA9}.Debug|Any CPU.ActiveCfg = Debug|Any CPU
		{1152B2D5-E825-451F-97D1-28900DC2AAA9}.Debug|Any CPU.Build.0 = Debug|Any CPU
		{1152B2D5-E825-451F-97D1-28900DC2AAA9}.Release|Any CPU.ActiveCfg = Release|Any CPU
		{1152B2D5-E825-451F-97D1-28900DC2AAA9}.Release|Any CPU.Build.0 = Release|Any CPU
	EndGlobalSection
	GlobalSection(SolutionProperties) = preSolution
		HideSolutionNode = FALSE
	EndGlobalSection
	GlobalSection(ExtensibilityGlobals) = postSolution
		SolutionGuid = {F157AB28-3B5A-4391-B906-97BA6B59144F}
	EndGlobalSection
EndGlobal
